
Microsoft Visual Studio Solution File, Format Version 12.00
# Visual Studio Version 17
VisualStudioVersion = 17.0.31912.275
MinimumVisualStudioVersion = 10.0.40219.1
Project("{2150E333-8FDC-42A3-9474-1A3956D46DE8}") = "src", "src", "{FB724838-3C61-4F5B-8707-5727D249FE41}"
EndProject
Project("{2150E333-8FDC-42A3-9474-1A3956D46DE8}") = "tests", "tests", "{9616E253-C3ED-4E36-8D4E-6B40BA0366FC}"
EndProject
Project("{9A19103F-16F7-4668-BE54-9A1E7A4F7556}") = "WebApi", "src\WebApi\WebApi.csproj", "{500D7043-2BFD-455B-9CBC-396DE4DB5888}"
EndProject
Project("{9A19103F-16F7-4668-BE54-9A1E7A4F7556}") = "Application", "src\Application\Application.csproj", "{DD060C75-1919-45EF-BAA4-E3F8BED3A5A6}"
EndProject
Project("{9A19103F-16F7-4668-BE54-9A1E7A4F7556}") = "Application.UnitTests", "tests\Application.UnitTests\Application.UnitTests.csproj", "{6C313F1B-6D0C-4A67-AC05-C6D8E7A0976C}"
EndProject
Project("{9A19103F-16F7-4668-BE54-9A1E7A4F7556}") = "Persistence", "src\Persistence\Persistence.csproj", "{28B6EE76-2180-49BF-B1D7-5993F9711553}"
EndProject
Project("{2150E333-8FDC-42A3-9474-1A3956D46DE8}") = "build", "build", "{DA5D60CF-3110-47E3-8849-43B2E0DD1FFC}"
	ProjectSection(SolutionItems) = preProject
		build\BuildImage.ps1 = build\BuildImage.ps1
		build\docker-compose.yaml = build\docker-compose.yaml
		build\SetupContainers.ps1 = build\SetupContainers.ps1
		build\TeardownContainers.ps1 = build\TeardownContainers.ps1
	EndProjectSection
EndProject
Project("{FAE04EC0-301F-11D3-BF4B-00C04F79EFBC}") = "WebApi.IntegrationTests", "tests\WebApi.IntegrationTests\WebApi.IntegrationTests.csproj", "{39A458BF-3684-4CC8-B227-587C072124E8}"
EndProject
Global
	GlobalSection(SolutionConfigurationPlatforms) = preSolution
		Debug|Any CPU = Debug|Any CPU
		Release|Any CPU = Release|Any CPU
	EndGlobalSection
	GlobalSection(ProjectConfigurationPlatforms) = postSolution
		{500D7043-2BFD-455B-9CBC-396DE4DB5888}.Debug|Any CPU.ActiveCfg = Debug|Any CPU
		{500D7043-2BFD-455B-9CBC-396DE4DB5888}.Debug|Any CPU.Build.0 = Debug|Any CPU
		{500D7043-2BFD-455B-9CBC-396DE4DB5888}.Release|Any CPU.ActiveCfg = Release|Any CPU
		{500D7043-2BFD-455B-9CBC-396DE4DB5888}.Release|Any CPU.Build.0 = Release|Any CPU
		{DD060C75-1919-45EF-BAA4-E3F8BED3A5A6}.Debug|Any CPU.ActiveCfg = Debug|Any CPU
		{DD060C75-1919-45EF-BAA4-E3F8BED3A5A6}.Debug|Any CPU.Build.0 = Debug|Any CPU
		{DD060C75-1919-45EF-BAA4-E3F8BED3A5A6}.Release|Any CPU.ActiveCfg = Release|Any CPU
		{DD060C75-1919-45EF-BAA4-E3F8BED3A5A6}.Release|Any CPU.Build.0 = Release|Any CPU
		{6C313F1B-6D0C-4A67-AC05-C6D8E7A0976C}.Debug|Any CPU.ActiveCfg = Debug|Any CPU
		{6C313F1B-6D0C-4A67-AC05-C6D8E7A0976C}.Debug|Any CPU.Build.0 = Debug|Any CPU
		{6C313F1B-6D0C-4A67-AC05-C6D8E7A0976C}.Release|Any CPU.ActiveCfg = Release|Any CPU
		{6C313F1B-6D0C-4A67-AC05-C6D8E7A0976C}.Release|Any CPU.Build.0 = Release|Any CPU
		{28B6EE76-2180-49BF-B1D7-5993F9711553}.Debug|Any CPU.ActiveCfg = Debug|Any CPU
		{28B6EE76-2180-49BF-B1D7-5993F9711553}.Debug|Any CPU.Build.0 = Debug|Any CPU
		{28B6EE76-2180-49BF-B1D7-5993F9711553}.Release|Any CPU.ActiveCfg = Release|Any CPU
		{28B6EE76-2180-49BF-B1D7-5993F9711553}.Release|Any CPU.Build.0 = Release|Any CPU
		{39A458BF-3684-4CC8-B227-587C072124E8}.Debug|Any CPU.ActiveCfg = Debug|Any CPU
		{39A458BF-3684-4CC8-B227-587C072124E8}.Debug|Any CPU.Build.0 = Debug|Any CPU
		{39A458BF-3684-4CC8-B227-587C072124E8}.Release|Any CPU.ActiveCfg = Release|Any CPU
		{39A458BF-3684-4CC8-B227-587C072124E8}.Release|Any CPU.Build.0 = Release|Any CPU
	EndGlobalSection
	GlobalSection(SolutionProperties) = preSolution
		HideSolutionNode = FALSE
	EndGlobalSection
	GlobalSection(NestedProjects) = preSolution
		{500D7043-2BFD-455B-9CBC-396DE4DB5888} = {FB724838-3C61-4F5B-8707-5727D249FE41}
		{DD060C75-1919-45EF-BAA4-E3F8BED3A5A6} = {FB724838-3C61-4F5B-8707-5727D249FE41}
		{6C313F1B-6D0C-4A67-AC05-C6D8E7A0976C} = {9616E253-C3ED-4E36-8D4E-6B40BA0366FC}
		{28B6EE76-2180-49BF-B1D7-5993F9711553} = {FB724838-3C61-4F5B-8707-5727D249FE41}
		{39A458BF-3684-4CC8-B227-587C072124E8} = {9616E253-C3ED-4E36-8D4E-6B40BA0366FC}
	EndGlobalSection
	GlobalSection(ExtensibilityGlobals) = postSolution
		SolutionGuid = {0F0260A0-A57A-44CD-8B7C-FF790D0095BC}
	EndGlobalSection
EndGlobal
